
Microsoft Visual Studio Solution File, Format Version 12.00
# Visual Studio Version 17
VisualStudioVersion = 17.3.32819.101
MinimumVisualStudioVersion = 10.0.40219.1
Project("{FAE04EC0-301F-11D3-BF4B-00C04F79EFBC}") = "Prakt6DeutchLand", "Prakt6DeutchLand.csproj", "{76D8FC05-5A52-4811-B279-503D1CA4A7B8}"
EndProject
Global
	GlobalSection(SolutionConfigurationPlatforms) = preSolution
		Debug|Any CPU = Debug|Any CPU
		Release|Any CPU = Release|Any CPU
	EndGlobalSection
	GlobalSection(ProjectConfigurationPlatforms) = postSolution
		{76D8FC05-5A52-4811-B279-503D1CA4A7B8}.Debug|Any CPU.ActiveCfg = Debug|Any CPU
		{76D8FC05-5A52-4811-B279-503D1CA4A7B8}.Debug|Any CPU.Build.0 = Debug|Any CPU
		{76D8FC05-5A52-4811-B279-503D1CA4A7B8}.Release|Any CPU.ActiveCfg = Release|Any CPU
		{76D8FC05-5A52-4811-B279-503D1CA4A7B8}.Release|Any CPU.Build.0 = Release|Any CPU
	EndGlobalSection
	GlobalSection(SolutionProperties) = preSolution
		HideSolutionNode = FALSE
	EndGlobalSection
	GlobalSection(ExtensibilityGlobals) = postSolution
		SolutionGuid = {72ACBBBE-404D-473C-A84A-B79FF9B5DD20}
	EndGlobalSection
EndGlobal
